
Microsoft Visual Studio Solution File, Format Version 12.00
# Visual Studio Version 17
VisualStudioVersion = 17.10.34916.146
MinimumVisualStudioVersion = 10.0.40219.1
Project("{9A19103F-16F7-4668-BE54-9A1E7A4F7556}") = "Caesar.Core", "Caesar.Core\Caesar.Core.csproj", "{D1123DF3-BC04-4EE6-8CDD-9BE9C3D8FE7C}"
EndProject
Project("{9A19103F-16F7-4668-BE54-9A1E7A4F7556}") = "Caesar.Infrastructure", "Caesar.Infrastructure\Caesar.Infrastructure.csproj", "{A1219BD4-4AA5-4CBD-AFC5-D743587E8AC8}"
EndProject
Project("{9A19103F-16F7-4668-BE54-9A1E7A4F7556}") = "Caesar.API", "Caesar.API\Caesar.API.csproj", "{96039DAF-67B2-42EB-8493-9804C1D37A8C}"
EndProject
Project("{9A19103F-16F7-4668-BE54-9A1E7A4F7556}") = "Caesar.Tests", "Caesar.Tests\Caesar.Tests.csproj", "{16D55711-7079-48D0-8D37-72CF6C57F0A8}"
EndProject
Project("{9A19103F-16F7-4668-BE54-9A1E7A4F7556}") = "Caesar.Mobile", "Caesar.Mobile\Caesar.Mobile.csproj", "{ECD4DBB5-AFC4-409B-8262-0667A4CF3E29}"
EndProject
Project("{9A19103F-16F7-4668-BE54-9A1E7A4F7556}") = "Caesar.Web", "Caesar.Web\Caesar.Web.csproj", "{B2AF0F96-1C5E-4D43-B3A5-197A1B41070E}"
EndProject
Global
	GlobalSection(SolutionConfigurationPlatforms) = preSolution
		Debug|Any CPU = Debug|Any CPU
		Release|Any CPU = Release|Any CPU
	EndGlobalSection
	GlobalSection(ProjectConfigurationPlatforms) = postSolution
		{D1123DF3-BC04-4EE6-8CDD-9BE9C3D8FE7C}.Debug|Any CPU.ActiveCfg = Debug|Any CPU
		{D1123DF3-BC04-4EE6-8CDD-9BE9C3D8FE7C}.Debug|Any CPU.Build.0 = Debug|Any CPU
		{D1123DF3-BC04-4EE6-8CDD-9BE9C3D8FE7C}.Release|Any CPU.ActiveCfg = Release|Any CPU
		{D1123DF3-BC04-4EE6-8CDD-9BE9C3D8FE7C}.Release|Any CPU.Build.0 = Release|Any CPU
		{A1219BD4-4AA5-4CBD-AFC5-D743587E8AC8}.Debug|Any CPU.ActiveCfg = Debug|Any CPU
		{A1219BD4-4AA5-4CBD-AFC5-D743587E8AC8}.Debug|Any CPU.Build.0 = Debug|Any CPU
		{A1219BD4-4AA5-4CBD-AFC5-D743587E8AC8}.Release|Any CPU.ActiveCfg = Release|Any CPU
		{A1219BD4-4AA5-4CBD-AFC5-D743587E8AC8}.Release|Any CPU.Build.0 = Release|Any CPU
		{96039DAF-67B2-42EB-8493-9804C1D37A8C}.Debug|Any CPU.ActiveCfg = Debug|Any CPU
		{96039DAF-67B2-42EB-8493-9804C1D37A8C}.Debug|Any CPU.Build.0 = Debug|Any CPU
		{96039DAF-67B2-42EB-8493-9804C1D37A8C}.Release|Any CPU.ActiveCfg = Release|Any CPU
		{96039DAF-67B2-42EB-8493-9804C1D37A8C}.Release|Any CPU.Build.0 = Release|Any CPU
		{16D55711-7079-48D0-8D37-72CF6C57F0A8}.Debug|Any CPU.ActiveCfg = Debug|Any CPU
		{16D55711-7079-48D0-8D37-72CF6C57F0A8}.Debug|Any CPU.Build.0 = Debug|Any CPU
		{16D55711-7079-48D0-8D37-72CF6C57F0A8}.Release|Any CPU.ActiveCfg = Release|Any CPU
		{16D55711-7079-48D0-8D37-72CF6C57F0A8}.Release|Any CPU.Build.0 = Release|Any CPU
		{ECD4DBB5-AFC4-409B-8262-0667A4CF3E29}.Debug|Any CPU.ActiveCfg = Debug|Any CPU
		{ECD4DBB5-AFC4-409B-8262-0667A4CF3E29}.Debug|Any CPU.Build.0 = Debug|Any CPU
		{ECD4DBB5-AFC4-409B-8262-0667A4CF3E29}.Debug|Any CPU.Deploy.0 = Debug|Any CPU
		{ECD4DBB5-AFC4-409B-8262-0667A4CF3E29}.Release|Any CPU.ActiveCfg = Release|Any CPU
		{ECD4DBB5-AFC4-409B-8262-0667A4CF3E29}.Release|Any CPU.Build.0 = Release|Any CPU
		{ECD4DBB5-AFC4-409B-8262-0667A4CF3E29}.Release|Any CPU.Deploy.0 = Release|Any CPU
		{B2AF0F96-1C5E-4D43-B3A5-197A1B41070E}.Debug|Any CPU.ActiveCfg = Debug|Any CPU
		{B2AF0F96-1C5E-4D43-B3A5-197A1B41070E}.Debug|Any CPU.Build.0 = Debug|Any CPU
		{B2AF0F96-1C5E-4D43-B3A5-197A1B41070E}.Release|Any CPU.ActiveCfg = Release|Any CPU
		{B2AF0F96-1C5E-4D43-B3A5-197A1B41070E}.Release|Any CPU.Build.0 = Release|Any CPU
	EndGlobalSection
	GlobalSection(SolutionProperties) = preSolution
		HideSolutionNode = FALSE
	EndGlobalSection
	GlobalSection(ExtensibilityGlobals) = postSolution
		SolutionGuid = {6F5833FF-AB9D-4863-8E3F-8270E18AA89E}
	EndGlobalSection
EndGlobal
